
Microsoft Visual Studio Solution File, Format Version 12.00
# Visual Studio Version 16
VisualStudioVersion = 16.0.31424.327
MinimumVisualStudioVersion = 10.0.40219.1
Project("{FAE04EC0-301F-11D3-BF4B-00C04F79EFBC}") = "C969 Software 2 Kas Kleespie", "C969 Software 2 Kas Kleespie\C969 Software 2 Kas Kleespie.csproj", "{919E9E51-6DA7-46F6-AC1D-62C6BEDCDD73}"
EndProject
Global
	GlobalSection(SolutionConfigurationPlatforms) = preSolution
		Debug|Any CPU = Debug|Any CPU
		Release|Any CPU = Release|Any CPU
	EndGlobalSection
	GlobalSection(ProjectConfigurationPlatforms) = postSolution
		{919E9E51-6DA7-46F6-AC1D-62C6BEDCDD73}.Debug|Any CPU.ActiveCfg = Debug|Any CPU
		{919E9E51-6DA7-46F6-AC1D-62C6BEDCDD73}.Debug|Any CPU.Build.0 = Debug|Any CPU
		{919E9E51-6DA7-46F6-AC1D-62C6BEDCDD73}.Release|Any CPU.ActiveCfg = Release|Any CPU
		{919E9E51-6DA7-46F6-AC1D-62C6BEDCDD73}.Release|Any CPU.Build.0 = Release|Any CPU
	EndGlobalSection
	GlobalSection(SolutionProperties) = preSolution
		HideSolutionNode = FALSE
	EndGlobalSection
	GlobalSection(ExtensibilityGlobals) = postSolution
		SolutionGuid = {1D99D740-D7EB-4EE4-AB04-B05B72FB4C42}
	EndGlobalSection
EndGlobal
